
Microsoft Visual Studio Solution File, Format Version 12.00
# Visual Studio Version 16
VisualStudioVersion = 16.0.30914.41
MinimumVisualStudioVersion = 10.0.40219.1
Project("{9A19103F-16F7-4668-BE54-9A1E7A4F7556}") = "HqPlusReporting", "HqPlusReporting\HqPlusReporting.csproj", "{1A863738-E941-43B5-955F-3AE189E41165}"
EndProject
Project("{9A19103F-16F7-4668-BE54-9A1E7A4F7556}") = "HqPlusReporting.Tests", "HqPlusReporting.Tests\HqPlusReporting.Tests.csproj", "{854AB382-50BC-469C-9CA9-BBA6B19ABDA9}"
	ProjectSection(ProjectDependencies) = postProject
		{1A863738-E941-43B5-955F-3AE189E41165} = {1A863738-E941-43B5-955F-3AE189E41165}
	EndProjectSection
EndProject
Global
	GlobalSection(SolutionConfigurationPlatforms) = preSolution
		Debug|Any CPU = Debug|Any CPU
		Release|Any CPU = Release|Any CPU
	EndGlobalSection
	GlobalSection(ProjectConfigurationPlatforms) = postSolution
		{1A863738-E941-43B5-955F-3AE189E41165}.Debug|Any CPU.ActiveCfg = Debug|Any CPU
		{1A863738-E941-43B5-955F-3AE189E41165}.Debug|Any CPU.Build.0 = Debug|Any CPU
		{1A863738-E941-43B5-955F-3AE189E41165}.Release|Any CPU.ActiveCfg = Release|Any CPU
		{1A863738-E941-43B5-955F-3AE189E41165}.Release|Any CPU.Build.0 = Release|Any CPU
		{854AB382-50BC-469C-9CA9-BBA6B19ABDA9}.Debug|Any CPU.ActiveCfg = Debug|Any CPU
		{854AB382-50BC-469C-9CA9-BBA6B19ABDA9}.Debug|Any CPU.Build.0 = Debug|Any CPU
		{854AB382-50BC-469C-9CA9-BBA6B19ABDA9}.Release|Any CPU.ActiveCfg = Release|Any CPU
		{854AB382-50BC-469C-9CA9-BBA6B19ABDA9}.Release|Any CPU.Build.0 = Release|Any CPU
	EndGlobalSection
	GlobalSection(SolutionProperties) = preSolution
		HideSolutionNode = FALSE
	EndGlobalSection
	GlobalSection(ExtensibilityGlobals) = postSolution
		SolutionGuid = {52A3F0CA-3E52-458F-A3A8-508F5D496B55}
	EndGlobalSection
EndGlobal
